
Microsoft Visual Studio Solution File, Format Version 12.00
# Visual Studio Version 17
VisualStudioVersion = 17.6.33815.320
MinimumVisualStudioVersion = 10.0.40219.1
Project("{9A19103F-16F7-4668-BE54-9A1E7A4F7556}") = "RedstoneArchive.Abstractions", "RedstoneArchive.Data\RedstoneArchive.Abstractions.csproj", "{E974C324-1522-4024-A7F5-93AC22805C95}"
EndProject
Project("{FAE04EC0-301F-11D3-BF4B-00C04F79EFBC}") = "RedstoneArchive.Api", "RedstoneArchive.Api\RedstoneArchive.Api.csproj", "{7E5CFE1B-DCEC-4B34-AE65-2DD93A95BB7A}"
EndProject
Global
	GlobalSection(SolutionConfigurationPlatforms) = preSolution
		Debug|Any CPU = Debug|Any CPU
		Release|Any CPU = Release|Any CPU
	EndGlobalSection
	GlobalSection(ProjectConfigurationPlatforms) = postSolution
		{E974C324-1522-4024-A7F5-93AC22805C95}.Debug|Any CPU.ActiveCfg = Debug|Any CPU
		{E974C324-1522-4024-A7F5-93AC22805C95}.Debug|Any CPU.Build.0 = Debug|Any CPU
		{E974C324-1522-4024-A7F5-93AC22805C95}.Release|Any CPU.ActiveCfg = Release|Any CPU
		{E974C324-1522-4024-A7F5-93AC22805C95}.Release|Any CPU.Build.0 = Release|Any CPU
		{7E5CFE1B-DCEC-4B34-AE65-2DD93A95BB7A}.Debug|Any CPU.ActiveCfg = Debug|Any CPU
		{7E5CFE1B-DCEC-4B34-AE65-2DD93A95BB7A}.Debug|Any CPU.Build.0 = Debug|Any CPU
		{7E5CFE1B-DCEC-4B34-AE65-2DD93A95BB7A}.Release|Any CPU.ActiveCfg = Release|Any CPU
		{7E5CFE1B-DCEC-4B34-AE65-2DD93A95BB7A}.Release|Any CPU.Build.0 = Release|Any CPU
	EndGlobalSection
	GlobalSection(SolutionProperties) = preSolution
		HideSolutionNode = FALSE
	EndGlobalSection
	GlobalSection(ExtensibilityGlobals) = postSolution
		SolutionGuid = {27059A08-48F1-41E3-9803-D6F02C15BAA8}
	EndGlobalSection
EndGlobal
